
Microsoft Visual Studio Solution File, Format Version 12.00
Project("{FAE04EC0-301F-11D3-BF4B-00C04F79EFBC}") = "SourceLinkedLibrary", "SourceLinkedLibrary\SourceLinkedLibrary.csproj", "{FBF3A1A3-476B-46BA-A5AA-A305104D0066}"
EndProject
Project("{2150E333-8FDC-42A3-9474-1A3956D46DE8}") = "SolutionFolder", "SolutionFolder", "{3537165E-B7B0-4739-8CE6-C079632B58D9}"
	ProjectSection(SolutionItems) = preProject
		.gitignore = .gitignore
		README.md = README.md
	EndProjectSection
EndProject
Global
	GlobalSection(SolutionConfigurationPlatforms) = preSolution
		Debug|Any CPU = Debug|Any CPU
		Release|Any CPU = Release|Any CPU
	EndGlobalSection
	GlobalSection(ProjectConfigurationPlatforms) = postSolution
		{FBF3A1A3-476B-46BA-A5AA-A305104D0066}.Debug|Any CPU.ActiveCfg = Debug|Any CPU
		{FBF3A1A3-476B-46BA-A5AA-A305104D0066}.Debug|Any CPU.Build.0 = Debug|Any CPU
		{FBF3A1A3-476B-46BA-A5AA-A305104D0066}.Release|Any CPU.ActiveCfg = Release|Any CPU
		{FBF3A1A3-476B-46BA-A5AA-A305104D0066}.Release|Any CPU.Build.0 = Release|Any CPU
	EndGlobalSection
EndGlobal
